
Microsoft Visual Studio Solution File, Format Version 12.00
# Visual Studio Version 17
VisualStudioVersion = 17.2.32317.152
MinimumVisualStudioVersion = 10.0.40219.1
Project("{9A19103F-16F7-4668-BE54-9A1E7A4F7556}") = "Gif.Domain", "Gif.Domain\Gif.Domain.csproj", "{A8A28EDC-CCE9-484B-9F6E-CA268AC8B74F}"
EndProject
Project("{9A19103F-16F7-4668-BE54-9A1E7A4F7556}") = "Gif.Domain.Test", "Tests\Gif.Domain.Test\Gif.Domain.Test.csproj", "{ED148B3C-5DC4-4933-8687-A1314281E937}"
EndProject
Project("{2150E333-8FDC-42A3-9474-1A3956D46DE8}") = "Tests", "Tests", "{4A1651B2-FC5E-4EE1-90CD-DD0F9EDC61BC}"
EndProject
Project("{FAE04EC0-301F-11D3-BF4B-00C04F79EFBC}") = "Gif.Application", "Gif.Application\Gif.Application.csproj", "{41F584E3-8962-4C85-9479-4B78FE5FCA4A}"
EndProject
Global
	GlobalSection(SolutionConfigurationPlatforms) = preSolution
		Debug|Any CPU = Debug|Any CPU
		Release|Any CPU = Release|Any CPU
	EndGlobalSection
	GlobalSection(ProjectConfigurationPlatforms) = postSolution
		{A8A28EDC-CCE9-484B-9F6E-CA268AC8B74F}.Debug|Any CPU.ActiveCfg = Debug|Any CPU
		{A8A28EDC-CCE9-484B-9F6E-CA268AC8B74F}.Debug|Any CPU.Build.0 = Debug|Any CPU
		{A8A28EDC-CCE9-484B-9F6E-CA268AC8B74F}.Release|Any CPU.ActiveCfg = Release|Any CPU
		{A8A28EDC-CCE9-484B-9F6E-CA268AC8B74F}.Release|Any CPU.Build.0 = Release|Any CPU
		{ED148B3C-5DC4-4933-8687-A1314281E937}.Debug|Any CPU.ActiveCfg = Debug|Any CPU
		{ED148B3C-5DC4-4933-8687-A1314281E937}.Debug|Any CPU.Build.0 = Debug|Any CPU
		{ED148B3C-5DC4-4933-8687-A1314281E937}.Release|Any CPU.ActiveCfg = Release|Any CPU
		{ED148B3C-5DC4-4933-8687-A1314281E937}.Release|Any CPU.Build.0 = Release|Any CPU
		{41F584E3-8962-4C85-9479-4B78FE5FCA4A}.Debug|Any CPU.ActiveCfg = Debug|Any CPU
		{41F584E3-8962-4C85-9479-4B78FE5FCA4A}.Debug|Any CPU.Build.0 = Debug|Any CPU
		{41F584E3-8962-4C85-9479-4B78FE5FCA4A}.Release|Any CPU.ActiveCfg = Release|Any CPU
		{41F584E3-8962-4C85-9479-4B78FE5FCA4A}.Release|Any CPU.Build.0 = Release|Any CPU
	EndGlobalSection
	GlobalSection(SolutionProperties) = preSolution
		HideSolutionNode = FALSE
	EndGlobalSection
	GlobalSection(NestedProjects) = preSolution
		{ED148B3C-5DC4-4933-8687-A1314281E937} = {4A1651B2-FC5E-4EE1-90CD-DD0F9EDC61BC}
	EndGlobalSection
	GlobalSection(ExtensibilityGlobals) = postSolution
		SolutionGuid = {B9272FF1-8301-4B99-A246-43B2AA2846F8}
	EndGlobalSection
EndGlobal
